
Microsoft Visual Studio Solution File, Format Version 12.00
# Visual Studio Version 16
VisualStudioVersion = 16.0.31112.23
MinimumVisualStudioVersion = 10.0.40219.1
Project("{FAE04EC0-301F-11D3-BF4B-00C04F79EFBC}") = "LexMVC", "LexMVC\LexMVC.csproj", "{76E8B0FA-BA1A-4732-A43D-86F4B3BBE6F8}"
EndProject
Global
	GlobalSection(SolutionConfigurationPlatforms) = preSolution
		Debug|Any CPU = Debug|Any CPU
		Release|Any CPU = Release|Any CPU
	EndGlobalSection
	GlobalSection(ProjectConfigurationPlatforms) = postSolution
		{76E8B0FA-BA1A-4732-A43D-86F4B3BBE6F8}.Debug|Any CPU.ActiveCfg = Debug|Any CPU
		{76E8B0FA-BA1A-4732-A43D-86F4B3BBE6F8}.Debug|Any CPU.Build.0 = Debug|Any CPU
		{76E8B0FA-BA1A-4732-A43D-86F4B3BBE6F8}.Release|Any CPU.ActiveCfg = Release|Any CPU
		{76E8B0FA-BA1A-4732-A43D-86F4B3BBE6F8}.Release|Any CPU.Build.0 = Release|Any CPU
	EndGlobalSection
	GlobalSection(SolutionProperties) = preSolution
		HideSolutionNode = FALSE
	EndGlobalSection
	GlobalSection(ExtensibilityGlobals) = postSolution
		SolutionGuid = {EF90AFB9-B49F-4203-8941-17C92151C5D7}
	EndGlobalSection
EndGlobal
